// !$*UTF8*$!
{
	archiveVersion = 1;
	classes = {
	};
	objectVersion = 46;
	objects = {

/* Begin PBXBuildFile section */
		907FBEE71A61066600843AFC /* AppDelegate.swift in Sources */ = {isa = PBXBuildFile; fileRef = 907FBEE61A61066600843AFC /* AppDelegate.swift */; };
		907FBEE91A61066600843AFC /* ViewController.swift in Sources */ = {isa = PBXBuildFile; fileRef = 907FBEE81A61066600843AFC /* ViewController.swift */; };
		907FBEEC1A61066600843AFC /* Main.storyboard in Resources */ = {isa = PBXBuildFile; fileRef = 907FBEEA1A61066600843AFC /* Main.storyboard */; };
		907FBEEE1A61066600843AFC /* Images.xcassets in Resources */ = {isa = PBXBuildFile; fileRef = 907FBEED1A61066600843AFC /* Images.xcassets */; };
		907FBEF11A61066600843AFC /* LaunchScreen.xib in Resources */ = {isa = PBXBuildFile; fileRef = 907FBEEF1A61066600843AFC /* LaunchScreen.xib */; };
		907FBEFD1A61066600843AFC /* TipCalculatorTests.swift in Sources */ = {isa = PBXBuildFile; fileRef = 907FBEFC1A61066600843AFC /* TipCalculatorTests.swift */; };
/* End PBXBuildFile section */

/* Begin PBXContainerItemProxy section */
		907FBEF71A61066600843AFC /* PBXContainerItemProxy */ = {
			isa = PBXContainerItemProxy;
			containerPortal = 907FBED91A61066600843AFC /* Project object */;
			proxyType = 1;
			remoteGlobalIDString = 907FBEE01A61066600843AFC;
			remoteInfo = TipCalculator;
		};
/* End PBXContainerItemProxy section */

/* Begin PBXFileReference section */
		907FBEE11A61066600843AFC /* TipCalculator.app */ = {isa = PBXFileReference; explicitFileType = wrapper.application; includeInIndex = 0; path = TipCalculator.app; sourceTree = BUILT_PRODUCTS_DIR; };
		907FBEE51A61066600843AFC /* Info.plist */ = {isa = PBXFileReference; lastKnownFileType = text.plist.xml; path = Info.plist; sourceTree = "<group>"; };
		907FBEE61A61066600843AFC /* AppDelegate.swift */ = {isa = PBXFileReference; lastKnownFileType = sourcecode.swift; path = AppDelegate.swift; sourceTree = "<group>"; };
		907FBEE81A61066600843AFC /* ViewController.swift */ = {isa = PBXFileReference; lastKnownFileType = sourcecode.swift; path = ViewController.swift; sourceTree = "<group>"; };
		907FBEEB1A61066600843AFC /* Base */ = {isa = PBXFileReference; lastKnownFileType = file.storyboard; name = Base; path = Base.lproj/Main.storyboard; sourceTree = "<group>"; };
		907FBEED1A61066600843AFC /* Images.xcassets */ = {isa = PBXFileReference; lastKnownFileType = folder.assetcatalog; path = Images.xcassets; sourceTree = "<group>"; };
		907FBEF01A61066600843AFC /* Base */ = {isa = PBXFileReference; lastKnownFileType = file.xib; name = Base; path = Base.lproj/LaunchScreen.xib; sourceTree = "<group>"; };
		907FBEF61A61066600843AFC /* TipCalculatorTests.xctest */ = {isa = PBXFileReference; explicitFileType = wrapper.cfbundle; includeInIndex = 0; path = TipCalculatorTests.xctest; sourceTree = BUILT_PRODUCTS_DIR; };
		907FBEFB1A61066600843AFC /* Info.plist */ = {isa = PBXFileReference; lastKnownFileType = text.plist.xml; path = Info.plist; sourceTree = "<group>"; };
		907FBEFC1A61066600843AFC /* TipCalculatorTests.swift */ = {isa = PBXFileReference; lastKnownFileType = sourcecode.swift; path = TipCalculatorTests.swift; sourceTree = "<group>"; };
/* End PBXFileReference section */

/* Begin PBXFrameworksBuildPhase section */
		907FBEDE1A61066600843AFC /* Frameworks */ = {
			isa = PBXFrameworksBuildPhase;
			buildActionMask = 2147483647;
			files = (
			);
			runOnlyForDeploymentPostprocessing = 0;
		};
		907FBEF31A61066600843AFC /* Frameworks */ = {
			isa = PBXFrameworksBuildPhase;
			buildActionMask = 2147483647;
			files = (
			);
			runOnlyForDeploymentPostprocessing = 0;
		};
/* End PBXFrameworksBuildPhase section */

/* Begin PBXGroup section */
		907FBED81A61066600843AFC = {
			isa = PBXGroup;
			children = (
				907FBEE31A61066600843AFC /* TipCalculator */,
				907FBEF91A61066600843AFC /* TipCalculatorTests */,
				907FBEE21A61066600843AFC /* Products */,
			);
			sourceTree = "<group>";
		};
		907FBEE21A61066600843AFC /* Products */ = {
			isa = PBXGroup;
			children = (
				907FBEE11A61066600843AFC /* TipCalculator.app */,
				907FBEF61A61066600843AFC /* TipCalculatorTests.xctest */,
			);
			name = Products;
			sourceTree = "<group>";
		};
		907FBEE31A61066600843AFC /* TipCalculator */ = {
			isa = PBXGroup;
			children = (
				907FBEE61A61066600843AFC /* AppDelegate.swift */,
				907FBEE81A61066600843AFC /* ViewController.swift */,
				907FBEEA1A61066600843AFC /* Main.storyboard */,
				907FBEED1A61066600843AFC /* Images.xcassets */,
				907FBEEF1A61066600843AFC /* LaunchScreen.xib */,
				907FBEE41A61066600843AFC /* Supporting Files */,
			);
			path = TipCalculator;
			sourceTree = "<group>";
		};
		907FBEE41A61066600843AFC /* Supporting Files */ = {
			isa = PBXGroup;
			children = (
				907FBEE51A61066600843AFC /* Info.plist */,
			);
			name = "Supporting Files";
			sourceTree = "<group>";
		};
		907FBEF91A61066600843AFC /* TipCalculatorTests */ = {
			isa = PBXGroup;
			children = (
				907FBEFC1A61066600843AFC /* TipCalculatorTests.swift */,
				907FBEFA1A61066600843AFC /* Supporting Files */,
			);
			path = TipCalculatorTests;
			sourceTree = "<group>";
		};
		907FBEFA1A61066600843AFC /* Supporting Files */ = {
			isa = PBXGroup;
			children = (
				907FBEFB1A61066600843AFC /* Info.plist */,
			);
			name = "Supporting Files";
			sourceTree = "<group>";
		};
/* End PBXGroup section */

/* Begin PBXNativeTarget section */
		907FBEE01A61066600843AFC /* TipCalculator */ = {
			isa = PBXNativeTarget;
			buildConfigurationList = 907FBF001A61066600843AFC /* Build configuration list for PBXNativeTarget "TipCalculator" */;
			buildPhases = (
				907FBEDD1A61066600843AFC /* Sources */,
				907FBEDE1A61066600843AFC /* Frameworks */,
				907FBEDF1A61066600843AFC /* Resources */,
			);
			buildRules = (
			);
			dependencies = (
			);
			name = TipCalculator;
			productName = TipCalculator;
			productReference = 907FBEE11A61066600843AFC /* TipCalculator.app */;
			productType = "com.apple.product-type.application";
		};
		907FBEF51A61066600843AFC /* TipCalculatorTests */ = {
			isa = PBXNativeTarget;
			buildConfigurationList = 907FBF031A61066600843AFC /* Build configuration list for PBXNativeTarget "TipCalculatorTests" */;
			buildPhases = (
				907FBEF21A61066600843AFC /* Sources */,
				907FBEF31A61066600843AFC /* Frameworks */,
				907FBEF41A61066600843AFC /* Resources */,
			);
			buildRules = (
			);
			dependencies = (
				907FBEF81A61066600843AFC /* PBXTargetDependency */,
			);
			name = TipCalculatorTests;
			productName = TipCalculatorTests;
			productReference = 907FBEF61A61066600843AFC /* TipCalculatorTests.xctest */;
			productType = "com.apple.product-type.bundle.unit-test";
		};
/* End PBXNativeTarget section */

/* Begin PBXProject section */
		907FBED91A61066600843AFC /* Project object */ = {
			isa = PBXProject;
			attributes = {
				LastUpgradeCheck = 0610;
				ORGANIZATIONNAME = "Jonathan Kim";
				TargetAttributes = {
					907FBEE01A61066600843AFC = {
						CreatedOnToolsVersion = 6.1.1;
					};
					907FBEF51A61066600843AFC = {
						CreatedOnToolsVersion = 6.1.1;
						TestTargetID = 907FBEE01A61066600843AFC;
					};
				};
			};
			buildConfigurationList = 907FBEDC1A61066600843AFC /* Build configuration list for PBXProject "TipCalculator" */;
			compatibilityVersion = "Xcode 3.2";
			developmentRegion = English;
			hasScannedForEncodings = 0;
			knownRegions = (
				en,
				Base,
			);
			mainGroup = 907FBED81A61066600843AFC;
			productRefGroup = 907FBEE21A61066600843AFC /* Products */;
			projectDirPath = "";
			projectRoot = "";
			targets = (
				907FBEE01A61066600843AFC /* TipCalculator */,
				907FBEF51A61066600843AFC /* TipCalculatorTests */,
			);
		};
/* End PBXProject section */

/* Begin PBXResourcesBuildPhase section */
		907FBEDF1A61066600843AFC /* Resources */ = {
			isa = PBXResourcesBuildPhase;
			buildActionMask = 2147483647;
			files = (
				907FBEEC1A61066600843AFC /* Main.storyboard in Resources */,
				907FBEF11A61066600843AFC /* LaunchScreen.xib in Resources */,
				907FBEEE1A61066600843AFC /* Images.xcassets in Resources */,
			);
			runOnlyForDeploymentPostprocessing = 0;
		};
		907FBEF41A61066600843AFC /* Resources */ = {
			isa = PBXResourcesBuildPhase;
			buildActionMask = 2147483647;
			files = (
			);
			runOnlyForDeploymentPostprocessing = 0;
		};
/* End PBXResourcesBuildPhase section */

/* Begin PBXSourcesBuildPhase section */
		907FBEDD1A61066600843AFC /* Sources */ = {
			isa = PBXSourcesBuildPhase;
			buildActionMask = 2147483647;
			files = (
				907FBEE91A61066600843AFC /* ViewController.swift in Sources */,
				907FBEE71A61066600843AFC /* AppDelegate.swift in Sources */,
			);
			runOnlyForDeploymentPostprocessing = 0;
		};
		907FBEF21A61066600843AFC /* Sources */ = {
			isa = PBXSourcesBuildPhase;
			buildActionMask = 2147483647;
			files = (
				907FBEFD1A61066600843AFC /* TipCalculatorTests.swift in Sources */,
			);
			runOnlyForDeploymentPostprocessing = 0;
		};
/* End PBXSourcesBuildPhase section */

/* Begin PBXTargetDependency section */
		907FBEF81A61066600843AFC /* PBXTargetDependency */ = {
			isa = PBXTargetDependency;
			target = 907FBEE01A61066600843AFC /* TipCalculator */;
			targetProxy = 907FBEF71A61066600843AFC /* PBXContainerItemProxy */;
		};
/* End PBXTargetDependency section */

/* Begin PBXVariantGroup section */
		907FBEEA1A61066600843AFC /* Main.storyboard */ = {
			isa = PBXVariantGroup;
			children = (
				907FBEEB1A61066600843AFC /* Base */,
			);
			name = Main.storyboard;
			sourceTree = "<group>";
		};
		907FBEEF1A61066600843AFC /* LaunchScreen.xib */ = {
			isa = PBXVariantGroup;
			children = (
				907FBEF01A61066600843AFC /* Base */,
			);
			name = LaunchScreen.xib;
			sourceTree = "<group>";
		};
/* End PBXVariantGroup section */

/* Begin XCBuildConfiguration section */
		907FBEFE1A61066600843AFC /* Debug */ = {
			isa = XCBuildConfiguration;
			buildSettings = {
				ALWAYS_SEARCH_USER_PATHS = NO;
				CLANG_CXX_LANGUAGE_STANDARD = "gnu++0x";
				CLANG_CXX_LIBRARY = "libc++";
				CLANG_ENABLE_MODULES = YES;
				CLANG_ENABLE_OBJC_ARC = YES;
				CLANG_WARN_BOOL_CONVERSION = YES;
				CLANG_WARN_CONSTANT_CONVERSION = YES;
				CLANG_WARN_DIRECT_OBJC_ISA_USAGE = YES_ERROR;
				CLANG_WARN_EMPTY_BODY = YES;
				CLANG_WARN_ENUM_CONVERSION = YES;
				CLANG_WARN_INT_CONVERSION = YES;
				CLANG_WARN_OBJC_ROOT_CLASS = YES_ERROR;
				CLANG_WARN_UNREACHABLE_CODE = YES;
				CLANG_WARN__DUPLICATE_METHOD_MATCH = YES;
				"CODE_SIGN_IDENTITY[sdk=iphoneos*]" = "iPhone Developer";
				COPY_PHASE_STRIP = NO;
				ENABLE_STRICT_OBJC_MSGSEND = YES;
				GCC_C_LANGUAGE_STANDARD = gnu99;
				GCC_DYNAMIC_NO_PIC = NO;
				GCC_OPTIMIZATION_LEVEL = 0;
				GCC_PREPROCESSOR_DEFINITIONS = (
					"DEBUG=1",
					"$(inherited)",
				);
				GCC_SYMBOLS_PRIVATE_EXTERN = NO;
				GCC_WARN_64_TO_32_BIT_CONVERSION = YES;
				GCC_WARN_ABOUT_RETURN_TYPE = YES_ERROR;
				GCC_WARN_UNDECLARED_SELECTOR = YES;
				GCC_WARN_UNINITIALIZED_AUTOS = YES_AGGRESSIVE;
				GCC_WARN_UNUSED_FUNCTION = YES;
				GCC_WARN_UNUSED_VARIABLE = YES;
				IPHONEOS_DEPLOYMENT_TARGET = 8.1;
				MTL_ENABLE_DEBUG_INFO = YES;
				ONLY_ACTIVE_ARCH = YES;
				SDKROOT = iphoneos;
				SWIFT_OPTIMIZATION_LEVEL = "-Onone";
			};
			name = Debug;
		};
		907FBEFF1A61066600843AFC /* Release */ = {
			isa = XCBuildConfiguration;
			buildSettings = {
				ALWAYS_SEARCH_USER_PATHS = NO;
				CLANG_CXX_LANGUAGE_STANDARD = "gnu++0x";
				CLANG_CXX_LIBRARY = "libc++";
				CLANG_ENABLE_MODULES = YES;
				CLANG_ENABLE_OBJC_ARC = YES;
				CLANG_WARN_BOOL_CONVERSION = YES;
				CLANG_WARN_CONSTANT_CONVERSION = YES;
				CLANG_WARN_DIRECT_OBJC_ISA_USAGE = YES_ERROR;
				CLANG_WARN_EMPTY_BODY = YES;
				CLANG_WARN_ENUM_CONVERSION = YES;
				CLANG_WARN_INT_CONVERSION = YES;
				CLANG_WARN_OBJC_ROOT_CLASS = YES_ERROR;
				CLANG_WARN_UNREACHABLE_CODE = YES;
				CLANG_WARN__DUPLICATE_METHOD_MATCH = YES;
				"CODE_SIGN_IDENTITY[sdk=iphoneos*]" = "iPhone Developer";
				COPY_PHASE_STRIP = YES;
				ENABLE_NS_ASSERTIONS = NO;
				ENABLE_STRICT_OBJC_MSGSEND = YES;
				GCC_C_LANGUAGE_STANDARD = gnu99;
				GCC_WARN_64_TO_32_BIT_CONVERSION = YES;
				GCC_WARN_ABOUT_RETURN_TYPE = YES_ERROR;
				GCC_WARN_UNDECLARED_SELECTOR = YES;
				GCC_WARN_UNINITIALIZED_AUTOS = YES_AGGRESSIVE;
				GCC_WARN_UNUSED_FUNCTION = YES;
				GCC_WARN_UNUSED_VARIABLE = YES;
				IPHONEOS_DEPLOYMENT_TARGET = 8.1;
				MTL_ENABLE_DEBUG_INFO = NO;
				SDKROOT = iphoneos;
				VALIDATE_PRODUCT = YES;
			};
			name = Release;
		};
		907FBF011A61066600843AFC /* Debug */ = {
			isa = XCBuildConfiguration;
			buildSettings = {
				ASSETCATALOG_COMPILER_APPICON_NAME = AppIcon;
				INFOPLIST_FILE = TipCalculator/Info.plist;
				LD_RUNPATH_SEARCH_PATHS = "$(inherited) @executable_path/Frameworks";
				PRODUCT_NAME = "$(TARGET_NAME)";
			};
			name = Debug;
		};
		907FBF021A61066600843AFC /* Release */ = {
			isa = XCBuildConfiguration;
			buildSettings = {
				ASSETCATALOG_COMPILER_APPICON_NAME = AppIcon;
				INFOPLIST_FILE = TipCalculator/Info.plist;
				LD_RUNPATH_SEARCH_PATHS = "$(inherited) @executable_path/Frameworks";
				PRODUCT_NAME = "$(TARGET_NAME)";
			};
			name = Release;
		};
		907FBF041A61066600843AFC /* Debug */ = {
			isa = XCBuildConfiguration;
			buildSettings = {
				BUNDLE_LOADER = "$(TEST_HOST)";
				FRAMEWORK_SEARCH_PATHS = (
					"$(SDKROOT)/Developer/Library/Frameworks",
					"$(inherited)",
				);
				GCC_PREPROCESSOR_DEFINITIONS = (
					"DEBUG=1",
					"$(inherited)",
				);
				INFOPLIST_FILE = TipCalculatorTests/Info.plist;
				LD_RUNPATH_SEARCH_PATHS = "$(inherited) @executable_path/Frameworks @loader_path/Frameworks";
				PRODUCT_NAME = "$(TARGET_NAME)";
				TEST_HOST = "$(BUILT_PRODUCTS_DIR)/TipCalculator.app/TipCalculator";
			};
			name = Debug;
		};
		907FBF051A61066600843AFC /* Release */ = {
			isa = XCBuildConfiguration;
			buildSettings = {
				BUNDLE_LOADER = "$(TEST_HOST)";
				FRAMEWORK_SEARCH_PATHS = (
					"$(SDKROOT)/Developer/Library/Frameworks",
					"$(inherited)",
				);
				INFOPLIST_FILE = TipCalculatorTests/Info.plist;
				LD_RUNPATH_SEARCH_PATHS = "$(inherited) @executable_path/Frameworks @loader_path/Frameworks";
				PRODUCT_NAME = "$(TARGET_NAME)";
				TEST_HOST = "$(BUILT_PRODUCTS_DIR)/TipCalculator.app/TipCalculator";
			};
			name = Release;
		};
/* End XCBuildConfiguration section */

/* Begin XCConfigurationList section */
		907FBEDC1A61066600843AFC /* Build configuration list for PBXProject "TipCalculator" */ = {
			isa = XCConfigurationList;
			buildConfigurations = (
				907FBEFE1A61066600843AFC /* Debug */,
				907FBEFF1A61066600843AFC /* Release */,
			);
			defaultConfigurationIsVisible = 0;
			defaultConfigurationName = Release;
		};
		907FBF001A61066600843AFC /* Build configuration list for PBXNativeTarget "TipCalculator" */ = {
			isa = XCConfigurationList;
			buildConfigurations = (
				907FBF011A61066600843AFC /* Debug */,
				907FBF021A61066600843AFC /* Release */,
			);
			defaultConfigurationIsVisible = 0;
		};
		907FBF031A61066600843AFC /* Build configuration list for PBXNativeTarget "TipCalculatorTests" */ = {
			isa = XCConfigurationList;
			buildConfigurations = (
				907FBF041A61066600843AFC /* Debug */,
				907FBF051A61066600843AFC /* Release */,
			);
			defaultConfigurationIsVisible = 0;
		};
/* End XCConfigurationList section */
	};
	rootObject = 907FBED91A61066600843AFC /* Project object */;
}
